
Microsoft Visual Studio Solution File, Format Version 12.00
# Visual Studio Version 17
VisualStudioVersion = 17.1.32210.238
MinimumVisualStudioVersion = 10.0.40219.1
Project("{9A19103F-16F7-4668-BE54-9A1E7A4F7556}") = "CramMods.NARFI", "CramMods.NARFI\CramMods.NARFI.csproj", "{0CA60238-4902-433D-8B8E-3EC52D5AD1C7}"
EndProject
Project("{2150E333-8FDC-42A3-9474-1A3956D46DE8}") = "Tests", "Tests", "{21F517CA-5AB0-4D5B-AAC3-7A839D8D86B1}"
EndProject
Project("{9A19103F-16F7-4668-BE54-9A1E7A4F7556}") = "CramMods.NARFI.Tests.RaceGroups", "Tests\RaceGroups\CramMods.NARFI.Tests.RaceGroups.csproj", "{9368B914-E264-458E-B797-43BC7289F271}"
EndProject
Project("{9A19103F-16F7-4668-BE54-9A1E7A4F7556}") = "CramMods.NARFI.Tests.FieldValues", "Tests\FieldValues\CramMods.NARFI.Tests.FieldValues.csproj", "{F73CFB53-BAD1-46CA-AF1A-F903F8BAA074}"
EndProject
Project("{9A19103F-16F7-4668-BE54-9A1E7A4F7556}") = "CramMods.NARFI.Tests.Fields", "Tests\Fields\CramMods.NARFI.Tests.Fields.csproj", "{19B67AA9-24F3-416B-9149-0CB7F9B19BE2}"
EndProject
Project("{9A19103F-16F7-4668-BE54-9A1E7A4F7556}") = "CramMods.NARFI.Tests.ValueGetters", "Tests\ValueGetters\CramMods.NARFI.Tests.ValueGetters.csproj", "{B1CB0474-0A62-4887-845F-4D8539C2B94F}"
EndProject
Global
	GlobalSection(SolutionConfigurationPlatforms) = preSolution
		Debug|Any CPU = Debug|Any CPU
		Release|Any CPU = Release|Any CPU
	EndGlobalSection
	GlobalSection(ProjectConfigurationPlatforms) = postSolution
		{0CA60238-4902-433D-8B8E-3EC52D5AD1C7}.Debug|Any CPU.ActiveCfg = Debug|Any CPU
		{0CA60238-4902-433D-8B8E-3EC52D5AD1C7}.Debug|Any CPU.Build.0 = Debug|Any CPU
		{0CA60238-4902-433D-8B8E-3EC52D5AD1C7}.Release|Any CPU.ActiveCfg = Release|Any CPU
		{0CA60238-4902-433D-8B8E-3EC52D5AD1C7}.Release|Any CPU.Build.0 = Release|Any CPU
		{9368B914-E264-458E-B797-43BC7289F271}.Debug|Any CPU.ActiveCfg = Debug|Any CPU
		{9368B914-E264-458E-B797-43BC7289F271}.Debug|Any CPU.Build.0 = Debug|Any CPU
		{9368B914-E264-458E-B797-43BC7289F271}.Release|Any CPU.ActiveCfg = Release|Any CPU
		{9368B914-E264-458E-B797-43BC7289F271}.Release|Any CPU.Build.0 = Release|Any CPU
		{F73CFB53-BAD1-46CA-AF1A-F903F8BAA074}.Debug|Any CPU.ActiveCfg = Debug|Any CPU
		{F73CFB53-BAD1-46CA-AF1A-F903F8BAA074}.Debug|Any CPU.Build.0 = Debug|Any CPU
		{F73CFB53-BAD1-46CA-AF1A-F903F8BAA074}.Release|Any CPU.ActiveCfg = Release|Any CPU
		{F73CFB53-BAD1-46CA-AF1A-F903F8BAA074}.Release|Any CPU.Build.0 = Release|Any CPU
		{19B67AA9-24F3-416B-9149-0CB7F9B19BE2}.Debug|Any CPU.ActiveCfg = Debug|Any CPU
		{19B67AA9-24F3-416B-9149-0CB7F9B19BE2}.Debug|Any CPU.Build.0 = Debug|Any CPU
		{19B67AA9-24F3-416B-9149-0CB7F9B19BE2}.Release|Any CPU.ActiveCfg = Release|Any CPU
		{19B67AA9-24F3-416B-9149-0CB7F9B19BE2}.Release|Any CPU.Build.0 = Release|Any CPU
		{B1CB0474-0A62-4887-845F-4D8539C2B94F}.Debug|Any CPU.ActiveCfg = Debug|Any CPU
		{B1CB0474-0A62-4887-845F-4D8539C2B94F}.Debug|Any CPU.Build.0 = Debug|Any CPU
		{B1CB0474-0A62-4887-845F-4D8539C2B94F}.Release|Any CPU.ActiveCfg = Release|Any CPU
		{B1CB0474-0A62-4887-845F-4D8539C2B94F}.Release|Any CPU.Build.0 = Release|Any CPU
	EndGlobalSection
	GlobalSection(SolutionProperties) = preSolution
		HideSolutionNode = FALSE
	EndGlobalSection
	GlobalSection(NestedProjects) = preSolution
		{9368B914-E264-458E-B797-43BC7289F271} = {21F517CA-5AB0-4D5B-AAC3-7A839D8D86B1}
		{F73CFB53-BAD1-46CA-AF1A-F903F8BAA074} = {21F517CA-5AB0-4D5B-AAC3-7A839D8D86B1}
		{19B67AA9-24F3-416B-9149-0CB7F9B19BE2} = {21F517CA-5AB0-4D5B-AAC3-7A839D8D86B1}
		{B1CB0474-0A62-4887-845F-4D8539C2B94F} = {21F517CA-5AB0-4D5B-AAC3-7A839D8D86B1}
	EndGlobalSection
	GlobalSection(ExtensibilityGlobals) = postSolution
		SolutionGuid = {3E3B5E1A-E329-411C-835A-B8C162478955}
	EndGlobalSection
EndGlobal
